
Microsoft Visual Studio Solution File, Format Version 12.00
# Visual Studio Version 17
VisualStudioVersion = 17.5.002.0
MinimumVisualStudioVersion = 10.0.40219.1
Project("{9A19103F-16F7-4668-BE54-9A1E7A4F7556}") = "ProjetoVendaEPagamento", "ProjetoVendaEPagamento.csproj", "{AA669734-F1DC-403F-8347-1431A4E067BC}"
EndProject
Global
	GlobalSection(SolutionConfigurationPlatforms) = preSolution
		Debug|Any CPU = Debug|Any CPU
		Release|Any CPU = Release|Any CPU
	EndGlobalSection
	GlobalSection(ProjectConfigurationPlatforms) = postSolution
		{AA669734-F1DC-403F-8347-1431A4E067BC}.Debug|Any CPU.ActiveCfg = Debug|Any CPU
		{AA669734-F1DC-403F-8347-1431A4E067BC}.Debug|Any CPU.Build.0 = Debug|Any CPU
		{AA669734-F1DC-403F-8347-1431A4E067BC}.Release|Any CPU.ActiveCfg = Release|Any CPU
		{AA669734-F1DC-403F-8347-1431A4E067BC}.Release|Any CPU.Build.0 = Release|Any CPU
	EndGlobalSection
	GlobalSection(SolutionProperties) = preSolution
		HideSolutionNode = FALSE
	EndGlobalSection
	GlobalSection(ExtensibilityGlobals) = postSolution
		SolutionGuid = {4A02E072-620C-48A5-9B72-3D4C294F9F7E}
	EndGlobalSection
EndGlobal
